
Microsoft Visual Studio Solution File, Format Version 12.00
# Visual Studio Version 17
VisualStudioVersion = 17.4.33110.190
MinimumVisualStudioVersion = 10.0.40219.1
Project("{FAE04EC0-301F-11D3-BF4B-00C04F79EFBC}") = "UC10_Employee Wage for Multiple Companies", "UC10_Employee Wage for Multiple Companies.csproj", "{72D7E0EE-5DD6-40F8-B66B-8FD0287CADE2}"
EndProject
Global
	GlobalSection(SolutionConfigurationPlatforms) = preSolution
		Debug|Any CPU = Debug|Any CPU
		Release|Any CPU = Release|Any CPU
	EndGlobalSection
	GlobalSection(ProjectConfigurationPlatforms) = postSolution
		{72D7E0EE-5DD6-40F8-B66B-8FD0287CADE2}.Debug|Any CPU.ActiveCfg = Debug|Any CPU
		{72D7E0EE-5DD6-40F8-B66B-8FD0287CADE2}.Debug|Any CPU.Build.0 = Debug|Any CPU
		{72D7E0EE-5DD6-40F8-B66B-8FD0287CADE2}.Release|Any CPU.ActiveCfg = Release|Any CPU
		{72D7E0EE-5DD6-40F8-B66B-8FD0287CADE2}.Release|Any CPU.Build.0 = Release|Any CPU
	EndGlobalSection
	GlobalSection(SolutionProperties) = preSolution
		HideSolutionNode = FALSE
	EndGlobalSection
	GlobalSection(ExtensibilityGlobals) = postSolution
		SolutionGuid = {14431E5D-333F-41A2-A848-E087A5EEFD91}
	EndGlobalSection
EndGlobal
