
Microsoft Visual Studio Solution File, Format Version 12.00
# Visual Studio Version 17
VisualStudioVersion = 17.4.33110.190
MinimumVisualStudioVersion = 10.0.40219.1
Project("{FAE04EC0-301F-11D3-BF4B-00C04F79EFBC}") = "UC11_Employee wage using user input method", "UC11_Employee wage using user input method.csproj", "{E20F5DAB-2BF0-4C45-91BF-DAE7DF28D55C}"
EndProject
Global
	GlobalSection(SolutionConfigurationPlatforms) = preSolution
		Debug|Any CPU = Debug|Any CPU
		Release|Any CPU = Release|Any CPU
	EndGlobalSection
	GlobalSection(ProjectConfigurationPlatforms) = postSolution
		{E20F5DAB-2BF0-4C45-91BF-DAE7DF28D55C}.Debug|Any CPU.ActiveCfg = Debug|Any CPU
		{E20F5DAB-2BF0-4C45-91BF-DAE7DF28D55C}.Debug|Any CPU.Build.0 = Debug|Any CPU
		{E20F5DAB-2BF0-4C45-91BF-DAE7DF28D55C}.Release|Any CPU.ActiveCfg = Release|Any CPU
		{E20F5DAB-2BF0-4C45-91BF-DAE7DF28D55C}.Release|Any CPU.Build.0 = Release|Any CPU
	EndGlobalSection
	GlobalSection(SolutionProperties) = preSolution
		HideSolutionNode = FALSE
	EndGlobalSection
	GlobalSection(ExtensibilityGlobals) = postSolution
		SolutionGuid = {B66632E3-8AC4-4B63-BB29-CE0A3B775394}
	EndGlobalSection
EndGlobal
